
Microsoft Visual Studio Solution File, Format Version 12.00
# Visual Studio Version 16
VisualStudioVersion = 16.0.31005.135
MinimumVisualStudioVersion = 10.0.40219.1
Project("{FAE04EC0-301F-11D3-BF4B-00C04F79EFBC}") = "SuperMarket.API", "SuperMarket.API\SuperMarket.API.csproj", "{66F2E3F7-BFF2-4F50-8F02-154CC0DE10C8}"
EndProject
Global
	GlobalSection(SolutionConfigurationPlatforms) = preSolution
		Debug|Any CPU = Debug|Any CPU
		Release|Any CPU = Release|Any CPU
	EndGlobalSection
	GlobalSection(ProjectConfigurationPlatforms) = postSolution
		{66F2E3F7-BFF2-4F50-8F02-154CC0DE10C8}.Debug|Any CPU.ActiveCfg = Debug|Any CPU
		{66F2E3F7-BFF2-4F50-8F02-154CC0DE10C8}.Debug|Any CPU.Build.0 = Debug|Any CPU
		{66F2E3F7-BFF2-4F50-8F02-154CC0DE10C8}.Release|Any CPU.ActiveCfg = Release|Any CPU
		{66F2E3F7-BFF2-4F50-8F02-154CC0DE10C8}.Release|Any CPU.Build.0 = Release|Any CPU
	EndGlobalSection
	GlobalSection(SolutionProperties) = preSolution
		HideSolutionNode = FALSE
	EndGlobalSection
	GlobalSection(ExtensibilityGlobals) = postSolution
		SolutionGuid = {BB303869-C737-4786-B6AB-709AABA90D58}
	EndGlobalSection
EndGlobal
